{
  "name": "clearunregister",
  "version": "1.0.0",
  "lockfileVersion": 3,
  "requires": true,
  "packages": {
    "": {
      "name": "clearunregister",
      "version": "1.0.0",
      "license": "ISC",
      "dependencies": {
        "@resvg/resvg-js": "^2.6.0"
      }
    },
    "node_modules/@resvg/resvg-js": {
      "version": "2.6.0",
      "resolved": "https://registry.npmjs.org/@resvg/resvg-js/-/resvg-js-2.6.0.tgz",
      "integrity": "sha512-Tf3YpbBKcQn991KKcw/vg7vZf98v01seSv6CVxZBbRkL/xyjnoYB6KgrFL6zskT1A4dWC/vg77KyNOW+ePaNlA==",
      "engines": {
        "node": ">= 10"
      },
      "optionalDependencies": {
        "@resvg/resvg-js-android-arm-eabi": "2.6.0",
        "@resvg/resvg-js-android-arm64": "2.6.0",
        "@resvg/resvg-js-darwin-arm64": "2.6.0",
        "@resvg/resvg-js-darwin-x64": "2.6.0",
        "@resvg/resvg-js-linux-arm-gnueabihf": "2.6.0",
        "@resvg/resvg-js-linux-arm64-gnu": "2.6.0",
        "@resvg/resvg-js-linux-arm64-musl": "2.6.0",
        "@resvg/resvg-js-linux-x64-gnu": "2.6.0",
        "@resvg/resvg-js-linux-x64-musl": "2.6.0",
        "@resvg/resvg-js-win32-arm64-msvc": "2.6.0",
        "@resvg/resvg-js-win32-ia32-msvc": "2.6.0",
        "@resvg/resvg-js-win32-x64-msvc": "2.6.0"
      }
    },
    "node_modules/@resvg/resvg-js-android-arm-eabi": {
      "version": "2.6.0",
      "resolved": "https://registry.npmjs.org/@resvg/resvg-js-android-arm-eabi/-/resvg-js-android-arm-eabi-2.6.0.tgz",
      "integrity": "sha512-lJnZ/2P5aMocrFMW7HWhVne5gH82I8xH6zsfH75MYr4+/JOaVcGCTEQ06XFohGMdYRP3v05SSPLPvTM/RHjxfA==",
      "cpu": [
        "arm"
      ],
      "optional": true,
      "os": [
        "android"
      ],
      "engines": {
        "node": ">= 10"
      }
    },
    "node_modules/@resvg/resvg-js-android-arm64": {
      "version": "2.6.0",
      "resolved": "https://registry.npmjs.org/@resvg/resvg-js-android-arm64/-/resvg-js-android-arm64-2.6.0.tgz",
      "integrity": "sha512-N527f529bjMwYWShZYfBD60dXA4Fux+D695QsHQ93BDYZSHUoOh1CUGUyICevnTxs7VgEl98XpArmUWBZQVMfQ==",
      "cpu": [
        "arm64"
      ],
      "optional": true,
      "os": [
        "android"
      ],
      "engines": {
        "node": ">= 10"
      }
    },
    "node_modules/@resvg/resvg-js-darwin-arm64": {
      "version": "2.6.0",
      "resolved": "https://registry.npmjs.org/@resvg/resvg-js-darwin-arm64/-/resvg-js-darwin-arm64-2.6.0.tgz",
      "integrity": "sha512-MabUKLVayEwlPo0mIqAmMt+qESN8LltCvv5+GLgVga1avpUrkxj/fkU1TKm8kQegutUjbP/B0QuMuUr0uhF8ew==",
      "cpu": [
        "arm64"
      ],
      "optional": true,
      "os": [
        "darwin"
      ],
      "engines": {
        "node": ">= 10"
      }
    },
    "node_modules/@resvg/resvg-js-darwin-x64": {
      "version": "2.6.0",
      "resolved": "https://registry.npmjs.org/@resvg/resvg-js-darwin-x64/-/resvg-js-darwin-x64-2.6.0.tgz",
      "integrity": "sha512-zrFetdnSw/suXjmyxSjfDV7i61hahv6DDG6kM7BYN2yJ3Es5+BZtqYZTcIWogPJedYKmzN1YTMWGd/3f0ubFiA==",
      "cpu": [
        "x64"
      ],
      "optional": true,
      "os": [
        "darwin"
      ],
      "engines": {
        "node": ">= 10"
      }
    },
    "node_modules/@resvg/resvg-js-linux-arm-gnueabihf": {
      "version": "2.6.0",
      "resolved": "https://registry.npmjs.org/@resvg/resvg-js-linux-arm-gnueabihf/-/resvg-js-linux-arm-gnueabihf-2.6.0.tgz",
      "integrity": "sha512-sH4gxXt7v7dGwjGyzLwn7SFGvwZG6DQqLaZ11MmzbCwd9Zosy1TnmrMJfn6TJ7RHezmQMgBPi18bl55FZ1AT4A==",
      "cpu": [
        "arm"
      ],
      "optional": true,
      "os": [
        "linux"
      ],
      "engines": {
        "node": ">= 10"
      }
    },
    "node_modules/@resvg/resvg-js-linux-arm64-gnu": {
      "version": "2.6.0",
      "resolved": "https://registry.npmjs.org/@resvg/resvg-js-linux-arm64-gnu/-/resvg-js-linux-arm64-gnu-2.6.0.tgz",
      "integrity": "sha512-fCyMncqCJtrlANADIduYF4IfnWQ295UKib7DAxFXQhBsM9PLDTpizr0qemZcCNadcwSVHnAIzL4tliZhCM8P6A==",
      "cpu": [
        "arm64"
      ],
      "optional": true,
      "os": [
        "linux"
      ],
      "engines": {
        "node": ">= 10"
      }
    },
    "node_modules/@resvg/resvg-js-linux-arm64-musl": {
      "version": "2.6.0",
      "resolved": "https://registry.npmjs.org/@resvg/resvg-js-linux-arm64-musl/-/resvg-js-linux-arm64-musl-2.6.0.tgz",
      "integrity": "sha512-ouLjTgBQHQyxLht4FdMPTvuY8xzJigM9EM2Tlu0llWkN1mKyTQrvYWi6TA6XnKdzDJHy7ZLpWpjZi7F5+Pg+Vg==",
      "cpu": [
        "arm64"
      ],
      "optional": true,
      "os": [
        "linux"
      ],
      "engines": {
        "node": ">= 10"
      }
    },
    "node_modules/@resvg/resvg-js-linux-x64-gnu": {
      "version": "2.6.0",
      "resolved": "https://registry.npmjs.org/@resvg/resvg-js-linux-x64-gnu/-/resvg-js-linux-x64-gnu-2.6.0.tgz",
      "integrity": "sha512-n3zC8DWsvxC1AwxpKFclIPapDFibs5XdIRoV/mcIlxlh0vseW1F49b97F33BtJQRmlntsqqN6GMMqx8byB7B+Q==",
      "cpu": [
        "x64"
      ],
      "optional": true,
      "os": [
        "linux"
      ],
      "engines": {
        "node": ">= 10"
      }
    },
    "node_modules/@resvg/resvg-js-linux-x64-musl": {
      "version": "2.6.0",
      "resolved": "https://registry.npmjs.org/@resvg/resvg-js-linux-x64-musl/-/resvg-js-linux-x64-musl-2.6.0.tgz",
      "integrity": "sha512-n4tasK1HOlAxdTEROgYA1aCfsEKk0UOFDNd/AQTTZlTmCbHKXPq+O8npaaKlwXquxlVK8vrkcWbksbiGqbCAcw==",
      "cpu": [
        "x64"
      ],
      "optional": true,
      "os": [
        "linux"
      ],
      "engines": {
        "node": ">= 10"
      }
    },
    "node_modules/@resvg/resvg-js-win32-arm64-msvc": {
      "version": "2.6.0",
      "resolved": "https://registry.npmjs.org/@resvg/resvg-js-win32-arm64-msvc/-/resvg-js-win32-arm64-msvc-2.6.0.tgz",
      "integrity": "sha512-X2+EoBJFwDI5LDVb51Sk7ldnVLitMGr9WwU/i21i3fAeAXZb3hM16k67DeTy16OYkT2dk/RfU1tP1wG+rWbz2Q==",
      "cpu": [
        "arm64"
      ],
      "optional": true,
      "os": [
        "win32"
      ],
      "engines": {
        "node": ">= 10"
      }
    },
    "node_modules/@resvg/resvg-js-win32-ia32-msvc": {
      "version": "2.6.0",
      "resolved": "https://registry.npmjs.org/@resvg/resvg-js-win32-ia32-msvc/-/resvg-js-win32-ia32-msvc-2.6.0.tgz",
      "integrity": "sha512-L7oevWjQoUgK5W1fCKn0euSVemhDXVhrjtwqpc7MwBKKimYeiOshO1Li1pa8bBt5PESahenhWgdB6lav9O0fEg==",
      "cpu": [
        "ia32"
      ],
      "optional": true,
      "os": [
        "win32"
      ],
      "engines": {
        "node": ">= 10"
      }
    },
    "node_modules/@resvg/resvg-js-win32-x64-msvc": {
      "version": "2.6.0",
      "resolved": "https://registry.npmjs.org/@resvg/resvg-js-win32-x64-msvc/-/resvg-js-win32-x64-msvc-2.6.0.tgz",
      "integrity": "sha512-8lJlghb+Unki5AyKgsnFbRJwkEj9r1NpwyuBG8yEJiG1W9eEGl03R3I7bsVa3haof/3J1NlWf0rzSa1G++A2iw==",
      "cpu": [
        "x64"
      ],
      "optional": true,
      "os": [
        "win32"
      ],
      "engines": {
        "node": ">= 10"
      }
    }
  }
}
